
Microsoft Visual Studio Solution File, Format Version 12.00
# Visual Studio Version 17
VisualStudioVersion = 17.4.33122.133
MinimumVisualStudioVersion = 10.0.40219.1
Project("{FAE04EC0-301F-11D3-BF4B-00C04F79EFBC}") = "Cyber Pal", "Cyber Pal\Cyber Pal.csproj", "{18CBAC9E-BAB1-4DE9-A930-0098B82CBBA8}"
EndProject
Global
	GlobalSection(SolutionConfigurationPlatforms) = preSolution
		Debug|Any CPU = Debug|Any CPU
		Release|Any CPU = Release|Any CPU
	EndGlobalSection
	GlobalSection(ProjectConfigurationPlatforms) = postSolution
		{18CBAC9E-BAB1-4DE9-A930-0098B82CBBA8}.Debug|Any CPU.ActiveCfg = Debug|Any CPU
		{18CBAC9E-BAB1-4DE9-A930-0098B82CBBA8}.Debug|Any CPU.Build.0 = Debug|Any CPU
		{18CBAC9E-BAB1-4DE9-A930-0098B82CBBA8}.Release|Any CPU.ActiveCfg = Release|Any CPU
		{18CBAC9E-BAB1-4DE9-A930-0098B82CBBA8}.Release|Any CPU.Build.0 = Release|Any CPU
	EndGlobalSection
	GlobalSection(SolutionProperties) = preSolution
		HideSolutionNode = FALSE
	EndGlobalSection
	GlobalSection(ExtensibilityGlobals) = postSolution
		SolutionGuid = {33AE5276-6E7A-4189-B490-3A227C12230C}
	EndGlobalSection
EndGlobal
